
Microsoft Visual Studio Solution File, Format Version 12.00
# Visual Studio Version 16
VisualStudioVersion = 16.0.28803.202
MinimumVisualStudioVersion = 10.0.40219.1
Project("{FAE04EC0-301F-11D3-BF4B-00C04F79EFBC}") = "Market", "Market\Market.csproj", "{BD14331A-4F04-42C2-AA0F-3399A6A4851C}"
EndProject
Global
	GlobalSection(SolutionConfigurationPlatforms) = preSolution
		Debug|Any CPU = Debug|Any CPU
		Release|Any CPU = Release|Any CPU
	EndGlobalSection
	GlobalSection(ProjectConfigurationPlatforms) = postSolution
		{BD14331A-4F04-42C2-AA0F-3399A6A4851C}.Debug|Any CPU.ActiveCfg = Debug|Any CPU
		{BD14331A-4F04-42C2-AA0F-3399A6A4851C}.Debug|Any CPU.Build.0 = Debug|Any CPU
		{BD14331A-4F04-42C2-AA0F-3399A6A4851C}.Release|Any CPU.ActiveCfg = Release|Any CPU
		{BD14331A-4F04-42C2-AA0F-3399A6A4851C}.Release|Any CPU.Build.0 = Release|Any CPU
	EndGlobalSection
	GlobalSection(SolutionProperties) = preSolution
		HideSolutionNode = FALSE
	EndGlobalSection
	GlobalSection(ExtensibilityGlobals) = postSolution
		SolutionGuid = {139C2B2B-1712-4769-966B-00A9017861FE}
	EndGlobalSection
EndGlobal
